{
  "name": "ff-container-outgoing-links",
  "version": "0.1.0",
  "lockfileVersion": 1,
  "requires": true,
  "dependencies": {
    "web-ext-types": {
      "version": "3.1.0",
      "resolved": "https://registry.npmjs.org/web-ext-types/-/web-ext-types-3.1.0.tgz",
      "integrity": "sha512-HKVibk040vuhpbOljcIYYYC8GP9w9REbHpquI3im/aoZqoDIRq9DnsHl4Zsg+4Fg3SBnWsnvlIr1rnspV4TdXQ==",
      "dev": true
    }
  }
}
